// !$*UTF8*$!
{
	archiveVersion = 1;
	classes = {
	};
	objectVersion = 46;
	objects = {

/* Begin PBXBuildFile section */
		013D0C9919E5215A003EB31E /* FBLoginViewViewController.m in Sources */ = {isa = PBXBuildFile; fileRef = 013D0C9819E5215A003EB31E /* FBLoginViewViewController.m */; };
		013E13A419F9F9DE00BE5871 /* RouteViewController.m in Sources */ = {isa = PBXBuildFile; fileRef = 013E13A319F9F9DE00BE5871 /* RouteViewController.m */; };
		0143B1EF19E9310C00B2101A /* Current-Location-512.png in Resources */ = {isa = PBXBuildFile; fileRef = 0143B1EE19E9310C00B2101A /* Current-Location-512.png */; };
		0143B1F119E9330400B2101A /* PixelKit_5-Oclock-Shades-Icon-Set__0001_14.png in Resources */ = {isa = PBXBuildFile; fileRef = 0143B1F019E9330400B2101A /* PixelKit_5-Oclock-Shades-Icon-Set__0001_14.png */; };
		0143B1F319E9339600B2101A /* images.jpeg in Resources */ = {isa = PBXBuildFile; fileRef = 0143B1F219E9339600B2101A /* images.jpeg */; };
		0168249219CFEDEE00D73ADA /* AddReminderViewController.m in Sources */ = {isa = PBXBuildFile; fileRef = 0168249119CFEDEE00D73ADA /* AddReminderViewController.m */; };
		0170023219D52273000967AF /* MapKit.framework in Frameworks */ = {isa = PBXBuildFile; fileRef = 0170023119D52273000967AF /* MapKit.framework */; };
		0170023419D52279000967AF /* CoreLocation.framework in Frameworks */ = {isa = PBXBuildFile; fileRef = 0170023319D52279000967AF /* CoreLocation.framework */; };
		0170023719D522E4000967AF /* LocationViewController.m in Sources */ = {isa = PBXBuildFile; fileRef = 0170023619D522E4000967AF /* LocationViewController.m */; };
		0170023919D52802000967AF /* location.plist in Resources */ = {isa = PBXBuildFile; fileRef = 0170023819D52802000967AF /* location.plist */; };
		0170023C19D52B8C000967AF /* MapViewAnnotation.m in Sources */ = {isa = PBXBuildFile; fileRef = 0170023B19D52B8C000967AF /* MapViewAnnotation.m */; };
		017ACE2319B70E41009E9B62 /* Social.framework in Frameworks */ = {isa = PBXBuildFile; fileRef = 017ACE2219B70E41009E9B62 /* Social.framework */; };
		017ACE2519B71347009E9B62 /* twitter-bird-white-on-blue-jpeg.jpg in Resources */ = {isa = PBXBuildFile; fileRef = 017ACE2419B71347009E9B62 /* twitter-bird-white-on-blue-jpeg.jpg */; };
		0190BDF019ADF30A003F1FBB /* barbellrow.jpg in Resources */ = {isa = PBXBuildFile; fileRef = 0190BDE619ADF30A003F1FBB /* barbellrow.jpg */; };
		0190BDF119ADF30A003F1FBB /* benchpress.jpg in Resources */ = {isa = PBXBuildFile; fileRef = 0190BDE719ADF30A003F1FBB /* benchpress.jpg */; };
		0190BDF219ADF30A003F1FBB /* bodumbellrow.jpg in Resources */ = {isa = PBXBuildFile; fileRef = 0190BDE819ADF30A003F1FBB /* bodumbellrow.jpg */; };
		0190BDF319ADF30A003F1FBB /* deadlifts.png in Resources */ = {isa = PBXBuildFile; fileRef = 0190BDE919ADF30A003F1FBB /* deadlifts.png */; };
		0190BDF419ADF30A003F1FBB /* declinepress.jpg in Resources */ = {isa = PBXBuildFile; fileRef = 0190BDEA19ADF30A003F1FBB /* declinepress.jpg */; };
		0190BDF519ADF30A003F1FBB /* inclinepress.jpg in Resources */ = {isa = PBXBuildFile; fileRef = 0190BDEB19ADF30A003F1FBB /* inclinepress.jpg */; };
		0190BDF619ADF30A003F1FBB /* legcurl.jpg in Resources */ = {isa = PBXBuildFile; fileRef = 0190BDEC19ADF30A003F1FBB /* legcurl.jpg */; };
		0190BDF719ADF30A003F1FBB /* legextension.jpg in Resources */ = {isa = PBXBuildFile; fileRef = 0190BDED19ADF30A003F1FBB /* legextension.jpg */; };
		0190BDF819ADF30A003F1FBB /* pushup.jpg in Resources */ = {isa = PBXBuildFile; fileRef = 0190BDEE19ADF30A003F1FBB /* pushup.jpg */; };
		0190BDF919ADF30A003F1FBB /* situp.jpg in Resources */ = {isa = PBXBuildFile; fileRef = 0190BDEF19ADF30A003F1FBB /* situp.jpg */; };
		01A5818219D9316400F2B421 /* GymListTableViewController.m in Sources */ = {isa = PBXBuildFile; fileRef = 01A5818119D9316400F2B421 /* GymListTableViewController.m */; };
		01A5818519D9363200F2B421 /* GymListTableViewCell.m in Sources */ = {isa = PBXBuildFile; fileRef = 01A5818419D9363200F2B421 /* GymListTableViewCell.m */; };
		01A8DBC319E530D3004562C1 /* FacebookSDK.framework in Frameworks */ = {isa = PBXBuildFile; fileRef = 01A8DBC219E530D3004562C1 /* FacebookSDK.framework */; };
		01BEB1FB19F7A62E0074E1A7 /* run.jpg in Resources */ = {isa = PBXBuildFile; fileRef = 01BEB1FA19F7A62E0074E1A7 /* run.jpg */; };
		01BEB20719F7AA7A0074E1A7 /* googlepin.jpg in Resources */ = {isa = PBXBuildFile; fileRef = 01BEB20619F7AA7A0074E1A7 /* googlepin.jpg */; };
		01BEB20919F7AB6A0074E1A7 /* shake.jpg in Resources */ = {isa = PBXBuildFile; fileRef = 01BEB20819F7AB6A0074E1A7 /* shake.jpg */; };
		01BEB20B19F7ABB70074E1A7 /* gym.jpg in Resources */ = {isa = PBXBuildFile; fileRef = 01BEB20A19F7ABB70074E1A7 /* gym.jpg */; };
		01BEB20D19F7AC090074E1A7 /* unnamed.png in Resources */ = {isa = PBXBuildFile; fileRef = 01BEB20C19F7AC090074E1A7 /* unnamed.png */; };
		01BEB20F19F7AC9C0074E1A7 /* shell.jpg in Resources */ = {isa = PBXBuildFile; fileRef = 01BEB20E19F7AC9C0074E1A7 /* shell.jpg */; };
		01C3781F19B04C7F0045D349 /* PageContentViewController.m in Sources */ = {isa = PBXBuildFile; fileRef = 01C3781E19B04C7F0045D349 /* PageContentViewController.m */; };
		01C3782019B04C7F0045D349 /* PageContentViewController.m in Sources */ = {isa = PBXBuildFile; fileRef = 01C3781E19B04C7F0045D349 /* PageContentViewController.m */; };
		01C3782719B04FB70045D349 /* MainViewController.m in Sources */ = {isa = PBXBuildFile; fileRef = 01C3782619B04FB70045D349 /* MainViewController.m */; };
		01C3782819B04FB70045D349 /* MainViewController.m in Sources */ = {isa = PBXBuildFile; fileRef = 01C3782619B04FB70045D349 /* MainViewController.m */; };
		01F3D3DF19F0C2E8008D3CBC /* Bolts.framework in Frameworks */ = {isa = PBXBuildFile; fileRef = 01F3D3DD19F0C2E8008D3CBC /* Bolts.framework */; };
		01F3D3E019F0C2E8008D3CBC /* Parse.framework in Frameworks */ = {isa = PBXBuildFile; fileRef = 01F3D3DE19F0C2E8008D3CBC /* Parse.framework */; };
		01F3D3E219F0C306008D3CBC /* AudioToolbox.framework in Frameworks */ = {isa = PBXBuildFile; fileRef = 01F3D3E119F0C306008D3CBC /* AudioToolbox.framework */; };
		01F3D3E419F0C313008D3CBC /* CFNetwork.framework in Frameworks */ = {isa = PBXBuildFile; fileRef = 01F3D3E319F0C313008D3CBC /* CFNetwork.framework */; };
		01F3D3E619F0C32A008D3CBC /* libz.dylib in Frameworks */ = {isa = PBXBuildFile; fileRef = 01F3D3E519F0C32A008D3CBC /* libz.dylib */; };
		01F3D3E819F0C330008D3CBC /* MobileCoreServices.framework in Frameworks */ = {isa = PBXBuildFile; fileRef = 01F3D3E719F0C330008D3CBC /* MobileCoreServices.framework */; };
		01F3D3EA19F0C336008D3CBC /* QuartzCore.framework in Frameworks */ = {isa = PBXBuildFile; fileRef = 01F3D3E919F0C336008D3CBC /* QuartzCore.framework */; };
		01F3D3EC19F0C33D008D3CBC /* Security.framework in Frameworks */ = {isa = PBXBuildFile; fileRef = 01F3D3EB19F0C33D008D3CBC /* Security.framework */; };
		01F3D3EE19F0C343008D3CBC /* StoreKit.framework in Frameworks */ = {isa = PBXBuildFile; fileRef = 01F3D3ED19F0C343008D3CBC /* StoreKit.framework */; };
		01F3D3F019F0C34B008D3CBC /* SystemConfiguration.framework in Frameworks */ = {isa = PBXBuildFile; fileRef = 01F3D3EF19F0C34B008D3CBC /* SystemConfiguration.framework */; };
		01F3D46F19F0CEAA008D3CBC /* 2.jpg in Resources */ = {isa = PBXBuildFile; fileRef = 01F3D46A19F0CEAA008D3CBC /* 2.jpg */; };
		01F3D47019F0CEAA008D3CBC /* 3.jpg in Resources */ = {isa = PBXBuildFile; fileRef = 01F3D46B19F0CEAA008D3CBC /* 3.jpg */; };
		01F3D47119F0CEAA008D3CBC /* glossy-apple.png in Resources */ = {isa = PBXBuildFile; fileRef = 01F3D46C19F0CEAA008D3CBC /* glossy-apple.png */; };
		01F3D47219F0CEAA008D3CBC /* next.png in Resources */ = {isa = PBXBuildFile; fileRef = 01F3D46D19F0CEAA008D3CBC /* next.png */; };
		01F3D47319F0CEAA008D3CBC /* time5.jpg in Resources */ = {isa = PBXBuildFile; fileRef = 01F3D46E19F0CEAA008D3CBC /* time5.jpg */; };
		6D7517DF19FAB42E00A03EA2 /* TodayDetailViewController.m in Sources */ = {isa = PBXBuildFile; fileRef = 6D7517DE19FAB42E00A03EA2 /* TodayDetailViewController.m */; };
		6D7517E119FAC3C300A03EA2 /* CoreData.framework in Frameworks */ = {isa = PBXBuildFile; fileRef = 6D7517E019FAC3C300A03EA2 /* CoreData.framework */; };
		6D7517E419FAC41900A03EA2 /* fitness.xcdatamodeld in Sources */ = {isa = PBXBuildFile; fileRef = 6D7517E219FAC41900A03EA2 /* fitness.xcdatamodeld */; };
		6DA30CFB19FAEC1500949B4A /* TodayDetail.m in Sources */ = {isa = PBXBuildFile; fileRef = 6DA30CFA19FAEC1500949B4A /* TodayDetail.m */; };
		6DD17C6F19AD749C008B6FCB /* Foundation.framework in Frameworks */ = {isa = PBXBuildFile; fileRef = 6DD17C6E19AD749C008B6FCB /* Foundation.framework */; };
		6DD17C7119AD749C008B6FCB /* CoreGraphics.framework in Frameworks */ = {isa = PBXBuildFile; fileRef = 6DD17C7019AD749C008B6FCB /* CoreGraphics.framework */; };
		6DD17C7319AD749C008B6FCB /* UIKit.framework in Frameworks */ = {isa = PBXBuildFile; fileRef = 6DD17C7219AD749C008B6FCB /* UIKit.framework */; };
		6DD17C7919AD749C008B6FCB /* InfoPlist.strings in Resources */ = {isa = PBXBuildFile; fileRef = 6DD17C7719AD749C008B6FCB /* InfoPlist.strings */; };
		6DD17C7B19AD749C008B6FCB /* main.m in Sources */ = {isa = PBXBuildFile; fileRef = 6DD17C7A19AD749C008B6FCB /* main.m */; };
		6DD17C7F19AD749C008B6FCB /* AppDelegate.m in Sources */ = {isa = PBXBuildFile; fileRef = 6DD17C7E19AD749C008B6FCB /* AppDelegate.m */; };
		6DD17C8219AD749C008B6FCB /* Main_iPhone.storyboard in Resources */ = {isa = PBXBuildFile; fileRef = 6DD17C8019AD749C008B6FCB /* Main_iPhone.storyboard */; };
		6DD17C8519AD749C008B6FCB /* Main_iPad.storyboard in Resources */ = {isa = PBXBuildFile; fileRef = 6DD17C8319AD749C008B6FCB /* Main_iPad.storyboard */; };
		6DD17C8819AD749C008B6FCB /* ViewController.m in Sources */ = {isa = PBXBuildFile; fileRef = 6DD17C8719AD749C008B6FCB /* ViewController.m */; };
		6DD17C8A19AD749C008B6FCB /* Images.xcassets in Resources */ = {isa = PBXBuildFile; fileRef = 6DD17C8919AD749C008B6FCB /* Images.xcassets */; };
		6DD17C9119AD749C008B6FCB /* XCTest.framework in Frameworks */ = {isa = PBXBuildFile; fileRef = 6DD17C9019AD749C008B6FCB /* XCTest.framework */; };
		6DD17C9219AD749C008B6FCB /* Foundation.framework in Frameworks */ = {isa = PBXBuildFile; fileRef = 6DD17C6E19AD749C008B6FCB /* Foundation.framework */; };
		6DD17C9319AD749C008B6FCB /* UIKit.framework in Frameworks */ = {isa = PBXBuildFile; fileRef = 6DD17C7219AD749C008B6FCB /* UIKit.framework */; };
		6DD17C9B19AD749C008B6FCB /* InfoPlist.strings in Resources */ = {isa = PBXBuildFile; fileRef = 6DD17C9919AD749C008B6FCB /* InfoPlist.strings */; };
		6DD17C9D19AD749C008B6FCB /* inb348Tests.m in Sources */ = {isa = PBXBuildFile; fileRef = 6DD17C9C19AD749C008B6FCB /* inb348Tests.m */; };
		6DD17CA819AD77A9008B6FCB /* Exercises.m in Sources */ = {isa = PBXBuildFile; fileRef = 6DD17CA719AD77A9008B6FCB /* Exercises.m */; };
		6DD17CA919AD77A9008B6FCB /* Exercises.m in Sources */ = {isa = PBXBuildFile; fileRef = 6DD17CA719AD77A9008B6FCB /* Exercises.m */; };
		6DD17CAE19AD885B008B6FCB /* 1st.jpg in Resources */ = {isa = PBXBuildFile; fileRef = 6DD17CAD19AD885B008B6FCB /* 1st.jpg */; };
		6DD17CAF19AD885B008B6FCB /* 1st.jpg in Resources */ = {isa = PBXBuildFile; fileRef = 6DD17CAD19AD885B008B6FCB /* 1st.jpg */; };
		6DD17CB219AD8E52008B6FCB /* 2nd.jpg in Resources */ = {isa = PBXBuildFile; fileRef = 6DD17CB119AD8E52008B6FCB /* 2nd.jpg */; };
		6DD17CB319AD8E52008B6FCB /* 2nd.jpg in Resources */ = {isa = PBXBuildFile; fileRef = 6DD17CB119AD8E52008B6FCB /* 2nd.jpg */; };
		6DD17CB619AD96AE008B6FCB /* IntroductionViewContoller.m in Sources */ = {isa = PBXBuildFile; fileRef = 6DD17CB519AD96AE008B6FCB /* IntroductionViewContoller.m */; };
		6DD17CB719AD96AE008B6FCB /* IntroductionViewContoller.m in Sources */ = {isa = PBXBuildFile; fileRef = 6DD17CB519AD96AE008B6FCB /* IntroductionViewContoller.m */; };
		8B1B232F19B87F4D00E0F259 /* wallpaper.jpg in Resources */ = {isa = PBXBuildFile; fileRef = 8B1B232E19B87F4D00E0F259 /* wallpaper.jpg */; };
		8B1B233319B8827600E0F259 /* cycling.jpg in Resources */ = {isa = PBXBuildFile; fileRef = 8B1B233219B8827600E0F259 /* cycling.jpg */; };
		8B1B233519B888DE00E0F259 /* facebook.icon.205x205.jpg in Resources */ = {isa = PBXBuildFile; fileRef = 8B1B233419B888DE00E0F259 /* facebook.icon.205x205.jpg */; };
		8B354C6B19AF469B00F090D3 /* TodayWorkoutViewControllerTableViewController.m in Sources */ = {isa = PBXBuildFile; fileRef = 8B354C6A19AF469B00F090D3 /* TodayWorkoutViewControllerTableViewController.m */; };
		8BE1E39F19B19E2100820683 /* wall.jpg in Resources */ = {isa = PBXBuildFile; fileRef = 8BE1E39C19B19E2100820683 /* wall.jpg */; };
		8BE1E3A019B19E2100820683 /* wall1.jpg in Resources */ = {isa = PBXBuildFile; fileRef = 8BE1E39D19B19E2100820683 /* wall1.jpg */; };
		8BE1E3A519B1A1D600820683 /* wall4.jpg in Resources */ = {isa = PBXBuildFile; fileRef = 8BE1E3A419B1A1D600820683 /* wall4.jpg */; };
		8BE1E3A719B1A28C00820683 /* wall5.jpg in Resources */ = {isa = PBXBuildFile; fileRef = 8BE1E3A619B1A28C00820683 /* wall5.jpg */; };
		9E57A65319B0184B00262BE6 /* ExerciseTableViewCell.m in Sources */ = {isa = PBXBuildFile; fileRef = 9E57A65219B0184B00262BE6 /* ExerciseTableViewCell.m */; };
/* End PBXBuildFile section */

/* Begin PBXContainerItemProxy section */
		6DD17C9419AD749C008B6FCB /* PBXContainerItemProxy */ = {
			isa = PBXContainerItemProxy;
			containerPortal = 6DD17C6319AD749C008B6FCB /* Project object */;
			proxyType = 1;
			remoteGlobalIDString = 6DD17C6A19AD749C008B6FCB;
			remoteInfo = inb348;
		};
/* End PBXContainerItemProxy section */

/* Begin PBXFileReference section */
		013D0C9719E5215A003EB31E /* FBLoginViewViewController.h */ = {isa = PBXFileReference; fileEncoding = 4; lastKnownFileType = sourcecode.c.h; name = FBLoginViewViewController.h; path = ../FBLoginViewViewController.h; sourceTree = "<group>"; };
		013D0C9819E5215A003EB31E /* FBLoginViewViewController.m */ = {isa = PBXFileReference; fileEncoding = 4; lastKnownFileType = sourcecode.c.objc; name = FBLoginViewViewController.m; path = ../FBLoginViewViewController.m; sourceTree = "<group>"; };
		013E13A219F9F9DE00BE5871 /* RouteViewController.h */ = {isa = PBXFileReference; fileEncoding = 4; lastKnownFileType = sourcecode.c.h; path = RouteViewController.h; sourceTree = "<group>"; };
		013E13A319F9F9DE00BE5871 /* RouteViewController.m */ = {isa = PBXFileReference; fileEncoding = 4; lastKnownFileType = sourcecode.c.objc; path = RouteViewController.m; sourceTree = "<group>"; };
		0143B1EE19E9310C00B2101A /* Current-Location-512.png */ = {isa = PBXFileReference; lastKnownFileType = image.png; path = "Current-Location-512.png"; sourceTree = "<group>"; };
		0143B1F019E9330400B2101A /* PixelKit_5-Oclock-Shades-Icon-Set__0001_14.png */ = {isa = PBXFileReference; lastKnownFileType = image.png; path = "PixelKit_5-Oclock-Shades-Icon-Set__0001_14.png"; sourceTree = "<group>"; };
		0143B1F219E9339600B2101A /* images.jpeg */ = {isa = PBXFileReference; lastKnownFileType = image.jpeg; path = images.jpeg; sourceTree = "<group>"; };
		0168249019CFEDEE00D73ADA /* AddReminderViewController.h */ = {isa = PBXFileReference; fileEncoding = 4; lastKnownFileType = sourcecode.c.h; path = AddReminderViewController.h; sourceTree = "<group>"; };
		0168249119CFEDEE00D73ADA /* AddReminderViewController.m */ = {isa = PBXFileReference; fileEncoding = 4; lastKnownFileType = sourcecode.c.objc; path = AddReminderViewController.m; sourceTree = "<group>"; };
		0170023119D52273000967AF /* MapKit.framework */ = {isa = PBXFileReference; lastKnownFileType = wrapper.framework; name = MapKit.framework; path = System/Library/Frameworks/MapKit.framework; sourceTree = SDKROOT; };
		0170023319D52279000967AF /* CoreLocation.framework */ = {isa = PBXFileReference; lastKnownFileType = wrapper.framework; name = CoreLocation.framework; path = System/Library/Frameworks/CoreLocation.framework; sourceTree = SDKROOT; };
		0170023519D522E4000967AF /* LocationViewController.h */ = {isa = PBXFileReference; fileEncoding = 4; lastKnownFileType = sourcecode.c.h; path = LocationViewController.h; sourceTree = "<group>"; };
		0170023619D522E4000967AF /* LocationViewController.m */ = {isa = PBXFileReference; fileEncoding = 4; lastKnownFileType = sourcecode.c.objc; path = LocationViewController.m; sourceTree = "<group>"; };
		0170023819D52802000967AF /* location.plist */ = {isa = PBXFileReference; fileEncoding = 4; lastKnownFileType = text.plist.xml; path = location.plist; sourceTree = "<group>"; };
		0170023A19D52B8C000967AF /* MapViewAnnotation.h */ = {isa = PBXFileReference; fileEncoding = 4; lastKnownFileType = sourcecode.c.h; name = MapViewAnnotation.h; path = ../MapViewAnnotation.h; sourceTree = "<group>"; };
		0170023B19D52B8C000967AF /* MapViewAnnotation.m */ = {isa = PBXFileReference; fileEncoding = 4; lastKnownFileType = sourcecode.c.objc; name = MapViewAnnotation.m; path = ../MapViewAnnotation.m; sourceTree = "<group>"; };
		017ACE2219B70E41009E9B62 /* Social.framework */ = {isa = PBXFileReference; lastKnownFileType = wrapper.framework; name = Social.framework; path = System/Library/Frameworks/Social.framework; sourceTree = SDKROOT; };
		017ACE2419B71347009E9B62 /* twitter-bird-white-on-blue-jpeg.jpg */ = {isa = PBXFileReference; lastKnownFileType = image.jpeg; path = "twitter-bird-white-on-blue-jpeg.jpg"; sourceTree = "<group>"; };
		0190BDE619ADF30A003F1FBB /* barbellrow.jpg */ = {isa = PBXFileReference; lastKnownFileType = image.jpeg; path = barbellrow.jpg; sourceTree = "<group>"; };
		0190BDE719ADF30A003F1FBB /* benchpress.jpg */ = {isa = PBXFileReference; lastKnownFileType = image.jpeg; path = benchpress.jpg; sourceTree = "<group>"; };
		0190BDE819ADF30A003F1FBB /* bodumbellrow.jpg */ = {isa = PBXFileReference; lastKnownFileType = image.jpeg; path = bodumbellrow.jpg; sourceTree = "<group>"; };
		0190BDE919ADF30A003F1FBB /* deadlifts.png */ = {isa = PBXFileReference; lastKnownFileType = image.png; path = deadlifts.png; sourceTree = "<group>"; };
		0190BDEA19ADF30A003F1FBB /* declinepress.jpg */ = {isa = PBXFileReference; lastKnownFileType = image.jpeg; path = declinepress.jpg; sourceTree = "<group>"; };
		0190BDEB19ADF30A003F1FBB /* inclinepress.jpg */ = {isa = PBXFileReference; lastKnownFileType = image.jpeg; path = inclinepress.jpg; sourceTree = "<group>"; };
		0190BDEC19ADF30A003F1FBB /* legcurl.jpg */ = {isa = PBXFileReference; lastKnownFileType = image.jpeg; path = legcurl.jpg; sourceTree = "<group>"; };
		0190BDED19ADF30A003F1FBB /* legextension.jpg */ = {isa = PBXFileReference; lastKnownFileType = image.jpeg; path = legextension.jpg; sourceTree = "<group>"; };
		0190BDEE19ADF30A003F1FBB /* pushup.jpg */ = {isa = PBXFileReference; lastKnownFileType = image.jpeg; path = pushup.jpg; sourceTree = "<group>"; };
		0190BDEF19ADF30A003F1FBB /* situp.jpg */ = {isa = PBXFileReference; lastKnownFileType = image.jpeg; path = situp.jpg; sourceTree = "<group>"; };
		01A5818019D9316400F2B421 /* GymListTableViewController.h */ = {isa = PBXFileReference; fileEncoding = 4; lastKnownFileType = sourcecode.c.h; path = GymListTableViewController.h; sourceTree = "<group>"; };
		01A5818119D9316400F2B421 /* GymListTableViewController.m */ = {isa = PBXFileReference; fileEncoding = 4; lastKnownFileType = sourcecode.c.objc; path = GymListTableViewController.m; sourceTree = "<group>"; };
		01A5818319D9363200F2B421 /* GymListTableViewCell.h */ = {isa = PBXFileReference; fileEncoding = 4; lastKnownFileType = sourcecode.c.h; path = GymListTableViewCell.h; sourceTree = "<group>"; };
		01A5818419D9363200F2B421 /* GymListTableViewCell.m */ = {isa = PBXFileReference; fileEncoding = 4; lastKnownFileType = sourcecode.c.objc; path = GymListTableViewCell.m; sourceTree = "<group>"; };
		01A8DBC219E530D3004562C1 /* FacebookSDK.framework */ = {isa = PBXFileReference; lastKnownFileType = wrapper.framework; name = FacebookSDK.framework; path = FacebookSDK/FacebookSDK.framework; sourceTree = "<group>"; };
		01BEB1FA19F7A62E0074E1A7 /* run.jpg */ = {isa = PBXFileReference; lastKnownFileType = image.jpeg; path = run.jpg; sourceTree = "<group>"; };
		01BEB20619F7AA7A0074E1A7 /* googlepin.jpg */ = {isa = PBXFileReference; lastKnownFileType = image.jpeg; path = googlepin.jpg; sourceTree = "<group>"; };
		01BEB20819F7AB6A0074E1A7 /* shake.jpg */ = {isa = PBXFileReference; lastKnownFileType = image.jpeg; path = shake.jpg; sourceTree = "<group>"; };
		01BEB20A19F7ABB70074E1A7 /* gym.jpg */ = {isa = PBXFileReference; lastKnownFileType = image.jpeg; path = gym.jpg; sourceTree = "<group>"; };
		01BEB20C19F7AC090074E1A7 /* unnamed.png */ = {isa = PBXFileReference; lastKnownFileType = image.png; path = unnamed.png; sourceTree = "<group>"; };
		01BEB20E19F7AC9C0074E1A7 /* shell.jpg */ = {isa = PBXFileReference; lastKnownFileType = image.jpeg; path = shell.jpg; sourceTree = "<group>"; };
		01C3781D19B04C7F0045D349 /* PageContentViewController.h */ = {isa = PBXFileReference; fileEncoding = 4; lastKnownFileType = sourcecode.c.h; path = PageContentViewController.h; sourceTree = "<group>"; };
		01C3781E19B04C7F0045D349 /* PageContentViewController.m */ = {isa = PBXFileReference; fileEncoding = 4; lastKnownFileType = sourcecode.c.objc; path = PageContentViewController.m; sourceTree = "<group>"; };
		01C3782519B04FB70045D349 /* MainViewController.h */ = {isa = PBXFileReference; fileEncoding = 4; lastKnownFileType = sourcecode.c.h; path = MainViewController.h; sourceTree = "<group>"; };
		01C3782619B04FB70045D349 /* MainViewController.m */ = {isa = PBXFileReference; fileEncoding = 4; lastKnownFileType = sourcecode.c.objc; path = MainViewController.m; sourceTree = "<group>"; };
		01F3D3DD19F0C2E8008D3CBC /* Bolts.framework */ = {isa = PBXFileReference; lastKnownFileType = wrapper.framework; path = Bolts.framework; sourceTree = "<group>"; };
		01F3D3DE19F0C2E8008D3CBC /* Parse.framework */ = {isa = PBXFileReference; lastKnownFileType = wrapper.framework; path = Parse.framework; sourceTree = "<group>"; };
		01F3D3E119F0C306008D3CBC /* AudioToolbox.framework */ = {isa = PBXFileReference; lastKnownFileType = wrapper.framework; name = AudioToolbox.framework; path = System/Library/Frameworks/AudioToolbox.framework; sourceTree = SDKROOT; };
		01F3D3E319F0C313008D3CBC /* CFNetwork.framework */ = {isa = PBXFileReference; lastKnownFileType = wrapper.framework; name = CFNetwork.framework; path = System/Library/Frameworks/CFNetwork.framework; sourceTree = SDKROOT; };
		01F3D3E519F0C32A008D3CBC /* libz.dylib */ = {isa = PBXFileReference; lastKnownFileType = "compiled.mach-o.dylib"; name = libz.dylib; path = usr/lib/libz.dylib; sourceTree = SDKROOT; };
		01F3D3E719F0C330008D3CBC /* MobileCoreServices.framework */ = {isa = PBXFileReference; lastKnownFileType = wrapper.framework; name = MobileCoreServices.framework; path = System/Library/Frameworks/MobileCoreServices.framework; sourceTree = SDKROOT; };
		01F3D3E919F0C336008D3CBC /* QuartzCore.framework */ = {isa = PBXFileReference; lastKnownFileType = wrapper.framework; name = QuartzCore.framework; path = System/Library/Frameworks/QuartzCore.framework; sourceTree = SDKROOT; };
		01F3D3EB19F0C33D008D3CBC /* Security.framework */ = {isa = PBXFileReference; lastKnownFileType = wrapper.framework; name = Security.framework; path = System/Library/Frameworks/Security.framework; sourceTree = SDKROOT; };
		01F3D3ED19F0C343008D3CBC /* StoreKit.framework */ = {isa = PBXFileReference; lastKnownFileType = wrapper.framework; name = StoreKit.framework; path = System/Library/Frameworks/StoreKit.framework; sourceTree = SDKROOT; };
		01F3D3EF19F0C34B008D3CBC /* SystemConfiguration.framework */ = {isa = PBXFileReference; lastKnownFileType = wrapper.framework; name = SystemConfiguration.framework; path = System/Library/Frameworks/SystemConfiguration.framework; sourceTree = SDKROOT; };
		01F3D46A19F0CEAA008D3CBC /* 2.jpg */ = {isa = PBXFileReference; lastKnownFileType = image.jpeg; path = 2.jpg; sourceTree = "<group>"; };
		01F3D46B19F0CEAA008D3CBC /* 3.jpg */ = {isa = PBXFileReference; lastKnownFileType = image.jpeg; path = 3.jpg; sourceTree = "<group>"; };
		01F3D46C19F0CEAA008D3CBC /* glossy-apple.png */ = {isa = PBXFileReference; lastKnownFileType = image.png; path = "glossy-apple.png"; sourceTree = "<group>"; };
		01F3D46D19F0CEAA008D3CBC /* next.png */ = {isa = PBXFileReference; lastKnownFileType = image.png; path = next.png; sourceTree = "<group>"; };
		01F3D46E19F0CEAA008D3CBC /* time5.jpg */ = {isa = PBXFileReference; lastKnownFileType = image.jpeg; path = time5.jpg; sourceTree = "<group>"; };
		6D7517DD19FAB42E00A03EA2 /* TodayDetailViewController.h */ = {isa = PBXFileReference; fileEncoding = 4; lastKnownFileType = sourcecode.c.h; path = TodayDetailViewController.h; sourceTree = "<group>"; };
		6D7517DE19FAB42E00A03EA2 /* TodayDetailViewController.m */ = {isa = PBXFileReference; fileEncoding = 4; lastKnownFileType = sourcecode.c.objc; path = TodayDetailViewController.m; sourceTree = "<group>"; };
		6D7517E019FAC3C300A03EA2 /* CoreData.framework */ = {isa = PBXFileReference; lastKnownFileType = wrapper.framework; name = CoreData.framework; path = System/Library/Frameworks/CoreData.framework; sourceTree = SDKROOT; };
		6D7517E319FAC41900A03EA2 /* fitness.xcdatamodel */ = {isa = PBXFileReference; lastKnownFileType = wrapper.xcdatamodel; path = fitness.xcdatamodel; sourceTree = "<group>"; };
		6DA30CF919FAEC1500949B4A /* TodayDetail.h */ = {isa = PBXFileReference; fileEncoding = 4; lastKnownFileType = sourcecode.c.h; path = TodayDetail.h; sourceTree = "<group>"; };
		6DA30CFA19FAEC1500949B4A /* TodayDetail.m */ = {isa = PBXFileReference; fileEncoding = 4; lastKnownFileType = sourcecode.c.objc; path = TodayDetail.m; sourceTree = "<group>"; };
		6DD17C6B19AD749C008B6FCB /* inb348.app */ = {isa = PBXFileReference; explicitFileType = wrapper.application; includeInIndex = 0; path = inb348.app; sourceTree = BUILT_PRODUCTS_DIR; };
		6DD17C6E19AD749C008B6FCB /* Foundation.framework */ = {isa = PBXFileReference; lastKnownFileType = wrapper.framework; name = Foundation.framework; path = System/Library/Frameworks/Foundation.framework; sourceTree = SDKROOT; };
		6DD17C7019AD749C008B6FCB /* CoreGraphics.framework */ = {isa = PBXFileReference; lastKnownFileType = wrapper.framework; name = CoreGraphics.framework; path = System/Library/Frameworks/CoreGraphics.framework; sourceTree = SDKROOT; };
		6DD17C7219AD749C008B6FCB /* UIKit.framework */ = {isa = PBXFileReference; lastKnownFileType = wrapper.framework; name = UIKit.framework; path = System/Library/Frameworks/UIKit.framework; sourceTree = SDKROOT; };
		6DD17C7619AD749C008B6FCB /* inb348-Info.plist */ = {isa = PBXFileReference; lastKnownFileType = text.plist.xml; path = "inb348-Info.plist"; sourceTree = "<group>"; };
		6DD17C7819AD749C008B6FCB /* en */ = {isa = PBXFileReference; lastKnownFileType = text.plist.strings; name = en; path = en.lproj/InfoPlist.strings; sourceTree = "<group>"; };
		6DD17C7A19AD749C008B6FCB /* main.m */ = {isa = PBXFileReference; lastKnownFileType = sourcecode.c.objc; path = main.m; sourceTree = "<group>"; };
		6DD17C7C19AD749C008B6FCB /* inb348-Prefix.pch */ = {isa = PBXFileReference; lastKnownFileType = sourcecode.c.h; path = "inb348-Prefix.pch"; sourceTree = "<group>"; };
		6DD17C7D19AD749C008B6FCB /* AppDelegate.h */ = {isa = PBXFileReference; lastKnownFileType = sourcecode.c.h; path = AppDelegate.h; sourceTree = "<group>"; };
		6DD17C7E19AD749C008B6FCB /* AppDelegate.m */ = {isa = PBXFileReference; lastKnownFileType = sourcecode.c.objc; path = AppDelegate.m; sourceTree = "<group>"; };
		6DD17C8119AD749C008B6FCB /* Base */ = {isa = PBXFileReference; lastKnownFileType = file.storyboard; name = Base; path = Base.lproj/Main_iPhone.storyboard; sourceTree = "<group>"; };
		6DD17C8419AD749C008B6FCB /* Base */ = {isa = PBXFileReference; lastKnownFileType = file.storyboard; name = Base; path = Base.lproj/Main_iPad.storyboard; sourceTree = "<group>"; };
		6DD17C8619AD749C008B6FCB /* ViewController.h */ = {isa = PBXFileReference; lastKnownFileType = sourcecode.c.h; path = ViewController.h; sourceTree = "<group>"; };
		6DD17C8719AD749C008B6FCB /* ViewController.m */ = {isa = PBXFileReference; lastKnownFileType = sourcecode.c.objc; path = ViewController.m; sourceTree = "<group>"; };
		6DD17C8919AD749C008B6FCB /* Images.xcassets */ = {isa = PBXFileReference; lastKnownFileType = folder.assetcatalog; path = Images.xcassets; sourceTree = "<group>"; };
		6DD17C8F19AD749C008B6FCB /* inb348Tests.xctest */ = {isa = PBXFileReference; explicitFileType = wrapper.cfbundle; includeInIndex = 0; path = inb348Tests.xctest; sourceTree = BUILT_PRODUCTS_DIR; };
		6DD17C9019AD749C008B6FCB /* XCTest.framework */ = {isa = PBXFileReference; lastKnownFileType = wrapper.framework; name = XCTest.framework; path = Library/Frameworks/XCTest.framework; sourceTree = DEVELOPER_DIR; };
		6DD17C9819AD749C008B6FCB /* inb348Tests-Info.plist */ = {isa = PBXFileReference; lastKnownFileType = text.plist.xml; path = "inb348Tests-Info.plist"; sourceTree = "<group>"; };
		6DD17C9A19AD749C008B6FCB /* en */ = {isa = PBXFileReference; lastKnownFileType = text.plist.strings; name = en; path = en.lproj/InfoPlist.strings; sourceTree = "<group>"; };
		6DD17C9C19AD749C008B6FCB /* inb348Tests.m */ = {isa = PBXFileReference; lastKnownFileType = sourcecode.c.objc; path = inb348Tests.m; sourceTree = "<group>"; };
		6DD17CA619AD77A9008B6FCB /* Exercises.h */ = {isa = PBXFileReference; fileEncoding = 4; lastKnownFileType = sourcecode.c.h; path = Exercises.h; sourceTree = "<group>"; };
		6DD17CA719AD77A9008B6FCB /* Exercises.m */ = {isa = PBXFileReference; fileEncoding = 4; lastKnownFileType = sourcecode.c.objc; path = Exercises.m; sourceTree = "<group>"; };
		6DD17CAD19AD885B008B6FCB /* 1st.jpg */ = {isa = PBXFileReference; lastKnownFileType = image.jpeg; path = 1st.jpg; sourceTree = "<group>"; };
		6DD17CB119AD8E52008B6FCB /* 2nd.jpg */ = {isa = PBXFileReference; lastKnownFileType = image.jpeg; path = 2nd.jpg; sourceTree = "<group>"; };
		6DD17CB419AD96AE008B6FCB /* IntroductionViewContoller.h */ = {isa = PBXFileReference; fileEncoding = 4; lastKnownFileType = sourcecode.c.h; path = IntroductionViewContoller.h; sourceTree = "<group>"; };
		6DD17CB519AD96AE008B6FCB /* IntroductionViewContoller.m */ = {isa = PBXFileReference; fileEncoding = 4; lastKnownFileType = sourcecode.c.objc; path = IntroductionViewContoller.m; sourceTree = "<group>"; };
		8B1B232E19B87F4D00E0F259 /* wallpaper.jpg */ = {isa = PBXFileReference; lastKnownFileType = image.jpeg; path = wallpaper.jpg; sourceTree = "<group>"; };
		8B1B233219B8827600E0F259 /* cycling.jpg */ = {isa = PBXFileReference; lastKnownFileType = image.jpeg; path = cycling.jpg; sourceTree = "<group>"; };
		8B1B233419B888DE00E0F259 /* facebook.icon.205x205.jpg */ = {isa = PBXFileReference; lastKnownFileType = image.jpeg; path = facebook.icon.205x205.jpg; sourceTree = "<group>"; };
		8B354C6919AF469B00F090D3 /* TodayWorkoutViewControllerTableViewController.h */ = {isa = PBXFileReference; fileEncoding = 4; lastKnownFileType = sourcecode.c.h; path = TodayWorkoutViewControllerTableViewController.h; sourceTree = "<group>"; };
		8B354C6A19AF469B00F090D3 /* TodayWorkoutViewControllerTableViewController.m */ = {isa = PBXFileReference; fileEncoding = 4; lastKnownFileType = sourcecode.c.objc; path = TodayWorkoutViewControllerTableViewController.m; sourceTree = "<group>"; };
		8BE1E39C19B19E2100820683 /* wall.jpg */ = {isa = PBXFileReference; lastKnownFileType = image.jpeg; path = wall.jpg; sourceTree = "<group>"; };
		8BE1E39D19B19E2100820683 /* wall1.jpg */ = {isa = PBXFileReference; lastKnownFileType = image.jpeg; path = wall1.jpg; sourceTree = "<group>"; };
		8BE1E3A419B1A1D600820683 /* wall4.jpg */ = {isa = PBXFileReference; lastKnownFileType = image.jpeg; path = wall4.jpg; sourceTree = "<group>"; };
		8BE1E3A619B1A28C00820683 /* wall5.jpg */ = {isa = PBXFileReference; lastKnownFileType = image.jpeg; path = wall5.jpg; sourceTree = "<group>"; };
		9E57A65119B0184B00262BE6 /* ExerciseTableViewCell.h */ = {isa = PBXFileReference; fileEncoding = 4; lastKnownFileType = sourcecode.c.h; path = ExerciseTableViewCell.h; sourceTree = "<group>"; };
		9E57A65219B0184B00262BE6 /* ExerciseTableViewCell.m */ = {isa = PBXFileReference; fileEncoding = 4; lastKnownFileType = sourcecode.c.objc; path = ExerciseTableViewCell.m; sourceTree = "<group>"; };
/* End PBXFileReference section */

/* Begin PBXFrameworksBuildPhase section */
		6DD17C6819AD749C008B6FCB /* Frameworks */ = {
			isa = PBXFrameworksBuildPhase;
			buildActionMask = 2147483647;
			files = (
				6D7517E119FAC3C300A03EA2 /* CoreData.framework in Frameworks */,
				01F3D3F019F0C34B008D3CBC /* SystemConfiguration.framework in Frameworks */,
				01F3D3EE19F0C343008D3CBC /* StoreKit.framework in Frameworks */,
				01F3D3EC19F0C33D008D3CBC /* Security.framework in Frameworks */,
				01F3D3EA19F0C336008D3CBC /* QuartzCore.framework in Frameworks */,
				01F3D3E819F0C330008D3CBC /* MobileCoreServices.framework in Frameworks */,
				01F3D3E619F0C32A008D3CBC /* libz.dylib in Frameworks */,
				0170023419D52279000967AF /* CoreLocation.framework in Frameworks */,
				6DD17C7119AD749C008B6FCB /* CoreGraphics.framework in Frameworks */,
				01F3D3E419F0C313008D3CBC /* CFNetwork.framework in Frameworks */,
				01F3D3E219F0C306008D3CBC /* AudioToolbox.framework in Frameworks */,
				01F3D3E019F0C2E8008D3CBC /* Parse.framework in Frameworks */,
				0170023219D52273000967AF /* MapKit.framework in Frameworks */,
				017ACE2319B70E41009E9B62 /* Social.framework in Frameworks */,
				6DD17C7319AD749C008B6FCB /* UIKit.framework in Frameworks */,
				01A8DBC319E530D3004562C1 /* FacebookSDK.framework in Frameworks */,
				6DD17C6F19AD749C008B6FCB /* Foundation.framework in Frameworks */,
				01F3D3DF19F0C2E8008D3CBC /* Bolts.framework in Frameworks */,
			);
			runOnlyForDeploymentPostprocessing = 0;
		};
		6DD17C8C19AD749C008B6FCB /* Frameworks */ = {
			isa = PBXFrameworksBuildPhase;
			buildActionMask = 2147483647;
			files = (
				6DD17C9119AD749C008B6FCB /* XCTest.framework in Frameworks */,
				6DD17C9319AD749C008B6FCB /* UIKit.framework in Frameworks */,
				6DD17C9219AD749C008B6FCB /* Foundation.framework in Frameworks */,
			);
			runOnlyForDeploymentPostprocessing = 0;
		};
/* End PBXFrameworksBuildPhase section */

/* Begin PBXGroup section */
		6DD17C6219AD749C008B6FCB = {
			isa = PBXGroup;
			children = (
				0170023819D52802000967AF /* location.plist */,
				6DD17C7419AD749C008B6FCB /* inb348 */,
				6DD17C9619AD749C008B6FCB /* inb348Tests */,
				6DD17C6D19AD749C008B6FCB /* Frameworks */,
				6DD17C6C19AD749C008B6FCB /* Products */,
			);
			sourceTree = "<group>";
		};
		6DD17C6C19AD749C008B6FCB /* Products */ = {
			isa = PBXGroup;
			children = (
				6DD17C6B19AD749C008B6FCB /* inb348.app */,
				6DD17C8F19AD749C008B6FCB /* inb348Tests.xctest */,
			);
			name = Products;
			sourceTree = "<group>";
		};
		6DD17C6D19AD749C008B6FCB /* Frameworks */ = {
			isa = PBXGroup;
			children = (
				6D7517E019FAC3C300A03EA2 /* CoreData.framework */,
				01F3D3EF19F0C34B008D3CBC /* SystemConfiguration.framework */,
				01F3D3ED19F0C343008D3CBC /* StoreKit.framework */,
				01F3D3EB19F0C33D008D3CBC /* Security.framework */,
				01F3D3E919F0C336008D3CBC /* QuartzCore.framework */,
				01F3D3E719F0C330008D3CBC /* MobileCoreServices.framework */,
				01F3D3E519F0C32A008D3CBC /* libz.dylib */,
				01F3D3E319F0C313008D3CBC /* CFNetwork.framework */,
				01F3D3E119F0C306008D3CBC /* AudioToolbox.framework */,
				01F3D3DD19F0C2E8008D3CBC /* Bolts.framework */,
				01F3D3DE19F0C2E8008D3CBC /* Parse.framework */,
				01A8DBC219E530D3004562C1 /* FacebookSDK.framework */,
				0170023319D52279000967AF /* CoreLocation.framework */,
				0170023119D52273000967AF /* MapKit.framework */,
				017ACE2219B70E41009E9B62 /* Social.framework */,
				6DD17C6E19AD749C008B6FCB /* Foundation.framework */,
				6DD17C7019AD749C008B6FCB /* CoreGraphics.framework */,
				6DD17C7219AD749C008B6FCB /* UIKit.framework */,
				6DD17C9019AD749C008B6FCB /* XCTest.framework */,
			);
			name = Frameworks;
			sourceTree = "<group>";
		};
		6DD17C7419AD749C008B6FCB /* inb348 */ = {
			isa = PBXGroup;
			children = (
				8B1B233219B8827600E0F259 /* cycling.jpg */,
				6DD17CB019AD8868008B6FCB /* image */,
				6DD17C7D19AD749C008B6FCB /* AppDelegate.h */,
				6DD17C7E19AD749C008B6FCB /* AppDelegate.m */,
				013E13A219F9F9DE00BE5871 /* RouteViewController.h */,
				013E13A319F9F9DE00BE5871 /* RouteViewController.m */,
				013D0C9719E5215A003EB31E /* FBLoginViewViewController.h */,
				013D0C9819E5215A003EB31E /* FBLoginViewViewController.m */,
				0170023A19D52B8C000967AF /* MapViewAnnotation.h */,
				0170023B19D52B8C000967AF /* MapViewAnnotation.m */,
				01A5818319D9363200F2B421 /* GymListTableViewCell.h */,
				01A5818419D9363200F2B421 /* GymListTableViewCell.m */,
				01A5818019D9316400F2B421 /* GymListTableViewController.h */,
				01A5818119D9316400F2B421 /* GymListTableViewController.m */,
				0170023519D522E4000967AF /* LocationViewController.h */,
				0170023619D522E4000967AF /* LocationViewController.m */,
				0168249019CFEDEE00D73ADA /* AddReminderViewController.h */,
				0168249119CFEDEE00D73ADA /* AddReminderViewController.m */,
				6DD17C8019AD749C008B6FCB /* Main_iPhone.storyboard */,
				01C3781D19B04C7F0045D349 /* PageContentViewController.h */,
				01C3781E19B04C7F0045D349 /* PageContentViewController.m */,
				01C3782519B04FB70045D349 /* MainViewController.h */,
				01C3782619B04FB70045D349 /* MainViewController.m */,
				9E57A65119B0184B00262BE6 /* ExerciseTableViewCell.h */,
				9E57A65219B0184B00262BE6 /* ExerciseTableViewCell.m */,
				6DD17CB419AD96AE008B6FCB /* IntroductionViewContoller.h */,
				6DD17CB519AD96AE008B6FCB /* IntroductionViewContoller.m */,
				6DD17C8319AD749C008B6FCB /* Main_iPad.storyboard */,
				6DD17C8619AD749C008B6FCB /* ViewController.h */,
				6DD17C8719AD749C008B6FCB /* ViewController.m */,
				8B354C6919AF469B00F090D3 /* TodayWorkoutViewControllerTableViewController.h */,
				8B354C6A19AF469B00F090D3 /* TodayWorkoutViewControllerTableViewController.m */,
				6DD17CA619AD77A9008B6FCB /* Exercises.h */,
				6DD17CA719AD77A9008B6FCB /* Exercises.m */,
				6DD17C8919AD749C008B6FCB /* Images.xcassets */,
				6DD17C7519AD749C008B6FCB /* Supporting Files */,
				6D7517DD19FAB42E00A03EA2 /* TodayDetailViewController.h */,
				6D7517DE19FAB42E00A03EA2 /* TodayDetailViewController.m */,
				6D7517E219FAC41900A03EA2 /* fitness.xcdatamodeld */,
				6DA30CF919FAEC1500949B4A /* TodayDetail.h */,
				6DA30CFA19FAEC1500949B4A /* TodayDetail.m */,
			);
			path = inb348;
			sourceTree = "<group>";
		};
		6DD17C7519AD749C008B6FCB /* Supporting Files */ = {
			isa = PBXGroup;
			children = (
				6DD17C7619AD749C008B6FCB /* inb348-Info.plist */,
				6DD17C7719AD749C008B6FCB /* InfoPlist.strings */,
				6DD17C7A19AD749C008B6FCB /* main.m */,
				6DD17C7C19AD749C008B6FCB /* inb348-Prefix.pch */,
			);
			name = "Supporting Files";
			sourceTree = "<group>";
		};
		6DD17C9619AD749C008B6FCB /* inb348Tests */ = {
			isa = PBXGroup;
			children = (
				6DD17C9C19AD749C008B6FCB /* inb348Tests.m */,
				6DD17C9719AD749C008B6FCB /* Supporting Files */,
			);
			path = inb348Tests;
			sourceTree = "<group>";
		};
		6DD17C9719AD749C008B6FCB /* Supporting Files */ = {
			isa = PBXGroup;
			children = (
				6DD17C9819AD749C008B6FCB /* inb348Tests-Info.plist */,
				6DD17C9919AD749C008B6FCB /* InfoPlist.strings */,
			);
			name = "Supporting Files";
			sourceTree = "<group>";
		};
		6DD17CB019AD8868008B6FCB /* image */ = {
			isa = PBXGroup;
			children = (
				01BEB20E19F7AC9C0074E1A7 /* shell.jpg */,
				01BEB20C19F7AC090074E1A7 /* unnamed.png */,
				01BEB20A19F7ABB70074E1A7 /* gym.jpg */,
				01BEB20819F7AB6A0074E1A7 /* shake.jpg */,
				01BEB20619F7AA7A0074E1A7 /* googlepin.jpg */,
				01BEB1FA19F7A62E0074E1A7 /* run.jpg */,
				01F3D46A19F0CEAA008D3CBC /* 2.jpg */,
				01F3D46B19F0CEAA008D3CBC /* 3.jpg */,
				01F3D46C19F0CEAA008D3CBC /* glossy-apple.png */,
				01F3D46D19F0CEAA008D3CBC /* next.png */,
				01F3D46E19F0CEAA008D3CBC /* time5.jpg */,
				0143B1F219E9339600B2101A /* images.jpeg */,
				0143B1F019E9330400B2101A /* PixelKit_5-Oclock-Shades-Icon-Set__0001_14.png */,
				0143B1EE19E9310C00B2101A /* Current-Location-512.png */,
				8B1B233419B888DE00E0F259 /* facebook.icon.205x205.jpg */,
				8B1B232E19B87F4D00E0F259 /* wallpaper.jpg */,
				017ACE2419B71347009E9B62 /* twitter-bird-white-on-blue-jpeg.jpg */,
				8BE1E3A619B1A28C00820683 /* wall5.jpg */,
				8BE1E3A419B1A1D600820683 /* wall4.jpg */,
				8BE1E39C19B19E2100820683 /* wall.jpg */,
				8BE1E39D19B19E2100820683 /* wall1.jpg */,
				0190BDE619ADF30A003F1FBB /* barbellrow.jpg */,
				0190BDE719ADF30A003F1FBB /* benchpress.jpg */,
				0190BDE819ADF30A003F1FBB /* bodumbellrow.jpg */,
				0190BDE919ADF30A003F1FBB /* deadlifts.png */,
				0190BDEA19ADF30A003F1FBB /* declinepress.jpg */,
				0190BDEB19ADF30A003F1FBB /* inclinepress.jpg */,
				0190BDEC19ADF30A003F1FBB /* legcurl.jpg */,
				0190BDED19ADF30A003F1FBB /* legextension.jpg */,
				0190BDEE19ADF30A003F1FBB /* pushup.jpg */,
				0190BDEF19ADF30A003F1FBB /* situp.jpg */,
				6DD17CB119AD8E52008B6FCB /* 2nd.jpg */,
				6DD17CAD19AD885B008B6FCB /* 1st.jpg */,
			);
			name = image;
			sourceTree = "<group>";
		};
/* End PBXGroup section */

/* Begin PBXNativeTarget section */
		6DD17C6A19AD749C008B6FCB /* inb348 */ = {
			isa = PBXNativeTarget;
			buildConfigurationList = 6DD17CA019AD749C008B6FCB /* Build configuration list for PBXNativeTarget "inb348" */;
			buildPhases = (
				6DD17C6719AD749C008B6FCB /* Sources */,
				6DD17C6819AD749C008B6FCB /* Frameworks */,
				6DD17C6919AD749C008B6FCB /* Resources */,
			);
			buildRules = (
			);
			dependencies = (
			);
			name = inb348;
			productName = inb348;
			productReference = 6DD17C6B19AD749C008B6FCB /* inb348.app */;
			productType = "com.apple.product-type.application";
		};
		6DD17C8E19AD749C008B6FCB /* inb348Tests */ = {
			isa = PBXNativeTarget;
			buildConfigurationList = 6DD17CA319AD749C008B6FCB /* Build configuration list for PBXNativeTarget "inb348Tests" */;
			buildPhases = (
				6DD17C8B19AD749C008B6FCB /* Sources */,
				6DD17C8C19AD749C008B6FCB /* Frameworks */,
				6DD17C8D19AD749C008B6FCB /* Resources */,
			);
			buildRules = (
			);
			dependencies = (
				6DD17C9519AD749C008B6FCB /* PBXTargetDependency */,
			);
			name = inb348Tests;
			productName = inb348Tests;
			productReference = 6DD17C8F19AD749C008B6FCB /* inb348Tests.xctest */;
			productType = "com.apple.product-type.bundle.unit-test";
		};
/* End PBXNativeTarget section */

/* Begin PBXProject section */
		6DD17C6319AD749C008B6FCB /* Project object */ = {
			isa = PBXProject;
			attributes = {
				LastUpgradeCheck = 0510;
				ORGANIZATIONNAME = "Dongmin Lee";
				TargetAttributes = {
					6DD17C6A19AD749C008B6FCB = {
						DevelopmentTeam = P46NLU4B7Z;
					};
					6DD17C8E19AD749C008B6FCB = {
						TestTargetID = 6DD17C6A19AD749C008B6FCB;
					};
				};
			};
			buildConfigurationList = 6DD17C6619AD749C008B6FCB /* Build configuration list for PBXProject "inb348" */;
			compatibilityVersion = "Xcode 3.2";
			developmentRegion = English;
			hasScannedForEncodings = 0;
			knownRegions = (
				en,
				Base,
			);
			mainGroup = 6DD17C6219AD749C008B6FCB;
			productRefGroup = 6DD17C6C19AD749C008B6FCB /* Products */;
			projectDirPath = "";
			projectRoot = "";
			targets = (
				6DD17C6A19AD749C008B6FCB /* inb348 */,
				6DD17C8E19AD749C008B6FCB /* inb348Tests */,
			);
		};
/* End PBXProject section */

/* Begin PBXResourcesBuildPhase section */
		6DD17C6919AD749C008B6FCB /* Resources */ = {
			isa = PBXResourcesBuildPhase;
			buildActionMask = 2147483647;
			files = (
				0190BDF319ADF30A003F1FBB /* deadlifts.png in Resources */,
				8BE1E3A719B1A28C00820683 /* wall5.jpg in Resources */,
				8B1B232F19B87F4D00E0F259 /* wallpaper.jpg in Resources */,
				0190BDF419ADF30A003F1FBB /* declinepress.jpg in Resources */,
				0190BDF819ADF30A003F1FBB /* pushup.jpg in Resources */,
				0190BDF519ADF30A003F1FBB /* inclinepress.jpg in Resources */,
				6DD17CB219AD8E52008B6FCB /* 2nd.jpg in Resources */,
				0170023919D52802000967AF /* location.plist in Resources */,
				8BE1E3A519B1A1D600820683 /* wall4.jpg in Resources */,
				0190BDF019ADF30A003F1FBB /* barbellrow.jpg in Resources */,
				017ACE2519B71347009E9B62 /* twitter-bird-white-on-blue-jpeg.jpg in Resources */,
				0190BDF119ADF30A003F1FBB /* benchpress.jpg in Resources */,
				0190BDF719ADF30A003F1FBB /* legextension.jpg in Resources */,
				01BEB1FB19F7A62E0074E1A7 /* run.jpg in Resources */,
				8B1B233319B8827600E0F259 /* cycling.jpg in Resources */,
				6DD17C8519AD749C008B6FCB /* Main_iPad.storyboard in Resources */,
				01F3D47019F0CEAA008D3CBC /* 3.jpg in Resources */,
				6DD17C8A19AD749C008B6FCB /* Images.xcassets in Resources */,
				0190BDF219ADF30A003F1FBB /* bodumbellrow.jpg in Resources */,
				0143B1F319E9339600B2101A /* images.jpeg in Resources */,
				8BE1E3A019B19E2100820683 /* wall1.jpg in Resources */,
				6DD17C8219AD749C008B6FCB /* Main_iPhone.storyboard in Resources */,
				01BEB20D19F7AC090074E1A7 /* unnamed.png in Resources */,
				0143B1EF19E9310C00B2101A /* Current-Location-512.png in Resources */,
				01F3D46F19F0CEAA008D3CBC /* 2.jpg in Resources */,
				6DD17C7919AD749C008B6FCB /* InfoPlist.strings in Resources */,
				8BE1E39F19B19E2100820683 /* wall.jpg in Resources */,
				01BEB20719F7AA7A0074E1A7 /* googlepin.jpg in Resources */,
				0190BDF919ADF30A003F1FBB /* situp.jpg in Resources */,
				01BEB20919F7AB6A0074E1A7 /* shake.jpg in Resources */,
				01F3D47319F0CEAA008D3CBC /* time5.jpg in Resources */,
				01BEB20F19F7AC9C0074E1A7 /* shell.jpg in Resources */,
				01F3D47219F0CEAA008D3CBC /* next.png in Resources */,
				8B1B233519B888DE00E0F259 /* facebook.icon.205x205.jpg in Resources */,
				01BEB20B19F7ABB70074E1A7 /* gym.jpg in Resources */,
				6DD17CAE19AD885B008B6FCB /* 1st.jpg in Resources */,
				0190BDF619ADF30A003F1FBB /* legcurl.jpg in Resources */,
				01F3D47119F0CEAA008D3CBC /* glossy-apple.png in Resources */,
				0143B1F119E9330400B2101A /* PixelKit_5-Oclock-Shades-Icon-Set__0001_14.png in Resources */,
			);
			runOnlyForDeploymentPostprocessing = 0;
		};
		6DD17C8D19AD749C008B6FCB /* Resources */ = {
			isa = PBXResourcesBuildPhase;
			buildActionMask = 2147483647;
			files = (
				6DD17CB319AD8E52008B6FCB /* 2nd.jpg in Resources */,
				6DD17CAF19AD885B008B6FCB /* 1st.jpg in Resources */,
				6DD17C9B19AD749C008B6FCB /* InfoPlist.strings in Resources */,
			);
			runOnlyForDeploymentPostprocessing = 0;
		};
/* End PBXResourcesBuildPhase section */

/* Begin PBXSourcesBuildPhase section */
		6DD17C6719AD749C008B6FCB /* Sources */ = {
			isa = PBXSourcesBuildPhase;
			buildActionMask = 2147483647;
			files = (
				01A5818219D9316400F2B421 /* GymListTableViewController.m in Sources */,
				0168249219CFEDEE00D73ADA /* AddReminderViewController.m in Sources */,
				6DD17C8819AD749C008B6FCB /* ViewController.m in Sources */,
				9E57A65319B0184B00262BE6 /* ExerciseTableViewCell.m in Sources */,
				0170023719D522E4000967AF /* LocationViewController.m in Sources */,
				013D0C9919E5215A003EB31E /* FBLoginViewViewController.m in Sources */,
				01C3781F19B04C7F0045D349 /* PageContentViewController.m in Sources */,
				01C3782719B04FB70045D349 /* MainViewController.m in Sources */,
				01A5818519D9363200F2B421 /* GymListTableViewCell.m in Sources */,
				0170023C19D52B8C000967AF /* MapViewAnnotation.m in Sources */,
				6D7517E419FAC41900A03EA2 /* fitness.xcdatamodeld in Sources */,
				6DA30CFB19FAEC1500949B4A /* TodayDetail.m in Sources */,
				6DD17CA819AD77A9008B6FCB /* Exercises.m in Sources */,
				6DD17C7F19AD749C008B6FCB /* AppDelegate.m in Sources */,
				6DD17C7B19AD749C008B6FCB /* main.m in Sources */,
				8B354C6B19AF469B00F090D3 /* TodayWorkoutViewControllerTableViewController.m in Sources */,
				6D7517DF19FAB42E00A03EA2 /* TodayDetailViewController.m in Sources */,
				013E13A419F9F9DE00BE5871 /* RouteViewController.m in Sources */,
				6DD17CB619AD96AE008B6FCB /* IntroductionViewContoller.m in Sources */,
			);
			runOnlyForDeploymentPostprocessing = 0;
		};
		6DD17C8B19AD749C008B6FCB /* Sources */ = {
			isa = PBXSourcesBuildPhase;
			buildActionMask = 2147483647;
			files = (
				6DD17CB719AD96AE008B6FCB /* IntroductionViewContoller.m in Sources */,
				01C3782819B04FB70045D349 /* MainViewController.m in Sources */,
				6DD17C9D19AD749C008B6FCB /* inb348Tests.m in Sources */,
				01C3782019B04C7F0045D349 /* PageContentViewController.m in Sources */,
				6DD17CA919AD77A9008B6FCB /* Exercises.m in Sources */,
			);
			runOnlyForDeploymentPostprocessing = 0;
		};
/* End PBXSourcesBuildPhase section */

/* Begin PBXTargetDependency section */
		6DD17C9519AD749C008B6FCB /* PBXTargetDependency */ = {
			isa = PBXTargetDependency;
			target = 6DD17C6A19AD749C008B6FCB /* inb348 */;
			targetProxy = 6DD17C9419AD749C008B6FCB /* PBXContainerItemProxy */;
		};
/* End PBXTargetDependency section */

/* Begin PBXVariantGroup section */
		6DD17C7719AD749C008B6FCB /* InfoPlist.strings */ = {
			isa = PBXVariantGroup;
			children = (
				6DD17C7819AD749C008B6FCB /* en */,
			);
			name = InfoPlist.strings;
			sourceTree = "<group>";
		};
		6DD17C8019AD749C008B6FCB /* Main_iPhone.storyboard */ = {
			isa = PBXVariantGroup;
			children = (
				6DD17C8119AD749C008B6FCB /* Base */,
			);
			name = Main_iPhone.storyboard;
			sourceTree = "<group>";
		};
		6DD17C8319AD749C008B6FCB /* Main_iPad.storyboard */ = {
			isa = PBXVariantGroup;
			children = (
				6DD17C8419AD749C008B6FCB /* Base */,
			);
			name = Main_iPad.storyboard;
			sourceTree = "<group>";
		};
		6DD17C9919AD749C008B6FCB /* InfoPlist.strings */ = {
			isa = PBXVariantGroup;
			children = (
				6DD17C9A19AD749C008B6FCB /* en */,
			);
			name = InfoPlist.strings;
			sourceTree = "<group>";
		};
/* End PBXVariantGroup section */

/* Begin XCBuildConfiguration section */
		6DD17C9E19AD749C008B6FCB /* Debug */ = {
			isa = XCBuildConfiguration;
			buildSettings = {
				ALWAYS_SEARCH_USER_PATHS = NO;
				CLANG_CXX_LANGUAGE_STANDARD = "gnu++0x";
				CLANG_CXX_LIBRARY = "libc++";
				CLANG_ENABLE_MODULES = YES;
				CLANG_ENABLE_OBJC_ARC = YES;
				CLANG_WARN_BOOL_CONVERSION = YES;
				CLANG_WARN_CONSTANT_CONVERSION = YES;
				CLANG_WARN_DIRECT_OBJC_ISA_USAGE = YES_ERROR;
				CLANG_WARN_EMPTY_BODY = YES;
				CLANG_WARN_ENUM_CONVERSION = YES;
				CLANG_WARN_INT_CONVERSION = YES;
				CLANG_WARN_OBJC_ROOT_CLASS = YES_ERROR;
				CLANG_WARN__DUPLICATE_METHOD_MATCH = YES;
				"CODE_SIGN_IDENTITY[sdk=iphoneos*]" = "iPhone Developer";
				COPY_PHASE_STRIP = NO;
				GCC_C_LANGUAGE_STANDARD = gnu99;
				GCC_DYNAMIC_NO_PIC = NO;
				GCC_OPTIMIZATION_LEVEL = 0;
				GCC_PREPROCESSOR_DEFINITIONS = (
					"DEBUG=1",
					"$(inherited)",
				);
				GCC_SYMBOLS_PRIVATE_EXTERN = NO;
				GCC_WARN_64_TO_32_BIT_CONVERSION = YES;
				GCC_WARN_ABOUT_RETURN_TYPE = YES_ERROR;
				GCC_WARN_UNDECLARED_SELECTOR = YES;
				GCC_WARN_UNINITIALIZED_AUTOS = YES_AGGRESSIVE;
				GCC_WARN_UNUSED_FUNCTION = YES;
				GCC_WARN_UNUSED_VARIABLE = YES;
				IPHONEOS_DEPLOYMENT_TARGET = 7.1;
				ONLY_ACTIVE_ARCH = YES;
				SDKROOT = iphoneos;
				TARGETED_DEVICE_FAMILY = "1,2";
			};
			name = Debug;
		};
		6DD17C9F19AD749C008B6FCB /* Release */ = {
			isa = XCBuildConfiguration;
			buildSettings = {
				ALWAYS_SEARCH_USER_PATHS = NO;
				CLANG_CXX_LANGUAGE_STANDARD = "gnu++0x";
				CLANG_CXX_LIBRARY = "libc++";
				CLANG_ENABLE_MODULES = YES;
				CLANG_ENABLE_OBJC_ARC = YES;
				CLANG_WARN_BOOL_CONVERSION = YES;
				CLANG_WARN_CONSTANT_CONVERSION = YES;
				CLANG_WARN_DIRECT_OBJC_ISA_USAGE = YES_ERROR;
				CLANG_WARN_EMPTY_BODY = YES;
				CLANG_WARN_ENUM_CONVERSION = YES;
				CLANG_WARN_INT_CONVERSION = YES;
				CLANG_WARN_OBJC_ROOT_CLASS = YES_ERROR;
				CLANG_WARN__DUPLICATE_METHOD_MATCH = YES;
				"CODE_SIGN_IDENTITY[sdk=iphoneos*]" = "iPhone Developer";
				COPY_PHASE_STRIP = YES;
				ENABLE_NS_ASSERTIONS = NO;
				GCC_C_LANGUAGE_STANDARD = gnu99;
				GCC_WARN_64_TO_32_BIT_CONVERSION = YES;
				GCC_WARN_ABOUT_RETURN_TYPE = YES_ERROR;
				GCC_WARN_UNDECLARED_SELECTOR = YES;
				GCC_WARN_UNINITIALIZED_AUTOS = YES_AGGRESSIVE;
				GCC_WARN_UNUSED_FUNCTION = YES;
				GCC_WARN_UNUSED_VARIABLE = YES;
				IPHONEOS_DEPLOYMENT_TARGET = 7.1;
				SDKROOT = iphoneos;
				TARGETED_DEVICE_FAMILY = "1,2";
				VALIDATE_PRODUCT = YES;
			};
			name = Release;
		};
		6DD17CA119AD749C008B6FCB /* Debug */ = {
			isa = XCBuildConfiguration;
			buildSettings = {
				ASSETCATALOG_COMPILER_APPICON_NAME = AppIcon;
				ASSETCATALOG_COMPILER_LAUNCHIMAGE_NAME = LaunchImage;
				CODE_SIGN_IDENTITY = "iPhone Developer: Milab Master (ABYZDTN99H)";
				"CODE_SIGN_IDENTITY[sdk=iphoneos*]" = "iPhone Developer";
				FRAMEWORK_SEARCH_PATHS = (
					/Users/n9278605/Desktop/FacebookSDK,
					"$(PROJECT_DIR)/FacebookSDK",
					"$(PROJECT_DIR)",
				);
				GCC_PRECOMPILE_PREFIX_HEADER = YES;
				GCC_PREFIX_HEADER = "inb348/inb348-Prefix.pch";
				INFOPLIST_FILE = "inb348/inb348-Info.plist";
				PRODUCT_NAME = "$(TARGET_NAME)";
				PROVISIONING_PROFILE = "032704bf-2b03-4b02-8008-82066cb61fbc";
				WRAPPER_EXTENSION = app;
			};
			name = Debug;
		};
		6DD17CA219AD749C008B6FCB /* Release */ = {
			isa = XCBuildConfiguration;
			buildSettings = {
				ASSETCATALOG_COMPILER_APPICON_NAME = AppIcon;
				ASSETCATALOG_COMPILER_LAUNCHIMAGE_NAME = LaunchImage;
				CODE_SIGN_IDENTITY = "iPhone Developer: Milab Master (ABYZDTN99H)";
				"CODE_SIGN_IDENTITY[sdk=iphoneos*]" = "iPhone Developer";
				FRAMEWORK_SEARCH_PATHS = (
					/Users/n9278605/Desktop/FacebookSDK,
					"$(PROJECT_DIR)/FacebookSDK",
					"$(PROJECT_DIR)",
				);
				GCC_PRECOMPILE_PREFIX_HEADER = YES;
				GCC_PREFIX_HEADER = "inb348/inb348-Prefix.pch";
				INFOPLIST_FILE = "inb348/inb348-Info.plist";
				PRODUCT_NAME = "$(TARGET_NAME)";
				PROVISIONING_PROFILE = "032704bf-2b03-4b02-8008-82066cb61fbc";
				WRAPPER_EXTENSION = app;
			};
			name = Release;
		};
		6DD17CA419AD749C008B6FCB /* Debug */ = {
			isa = XCBuildConfiguration;
			buildSettings = {
				BUNDLE_LOADER = "$(BUILT_PRODUCTS_DIR)/inb348.app/inb348";
				FRAMEWORK_SEARCH_PATHS = (
					"$(SDKROOT)/Developer/Library/Frameworks",
					"$(inherited)",
					"$(DEVELOPER_FRAMEWORKS_DIR)",
				);
				GCC_PRECOMPILE_PREFIX_HEADER = YES;
				GCC_PREFIX_HEADER = "inb348/inb348-Prefix.pch";
				GCC_PREPROCESSOR_DEFINITIONS = (
					"DEBUG=1",
					"$(inherited)",
				);
				INFOPLIST_FILE = "inb348Tests/inb348Tests-Info.plist";
				PRODUCT_NAME = "$(TARGET_NAME)";
				TEST_HOST = "$(BUNDLE_LOADER)";
				WRAPPER_EXTENSION = xctest;
			};
			name = Debug;
		};
		6DD17CA519AD749C008B6FCB /* Release */ = {
			isa = XCBuildConfiguration;
			buildSettings = {
				BUNDLE_LOADER = "$(BUILT_PRODUCTS_DIR)/inb348.app/inb348";
				FRAMEWORK_SEARCH_PATHS = (
					"$(SDKROOT)/Developer/Library/Frameworks",
					"$(inherited)",
					"$(DEVELOPER_FRAMEWORKS_DIR)",
				);
				GCC_PRECOMPILE_PREFIX_HEADER = YES;
				GCC_PREFIX_HEADER = "inb348/inb348-Prefix.pch";
				INFOPLIST_FILE = "inb348Tests/inb348Tests-Info.plist";
				PRODUCT_NAME = "$(TARGET_NAME)";
				TEST_HOST = "$(BUNDLE_LOADER)";
				WRAPPER_EXTENSION = xctest;
			};
			name = Release;
		};
/* End XCBuildConfiguration section */

/* Begin XCConfigurationList section */
		6DD17C6619AD749C008B6FCB /* Build configuration list for PBXProject "inb348" */ = {
			isa = XCConfigurationList;
			buildConfigurations = (
				6DD17C9E19AD749C008B6FCB /* Debug */,
				6DD17C9F19AD749C008B6FCB /* Release */,
			);
			defaultConfigurationIsVisible = 0;
			defaultConfigurationName = Release;
		};
		6DD17CA019AD749C008B6FCB /* Build configuration list for PBXNativeTarget "inb348" */ = {
			isa = XCConfigurationList;
			buildConfigurations = (
				6DD17CA119AD749C008B6FCB /* Debug */,
				6DD17CA219AD749C008B6FCB /* Release */,
			);
			defaultConfigurationIsVisible = 0;
			defaultConfigurationName = Release;
		};
		6DD17CA319AD749C008B6FCB /* Build configuration list for PBXNativeTarget "inb348Tests" */ = {
			isa = XCConfigurationList;
			buildConfigurations = (
				6DD17CA419AD749C008B6FCB /* Debug */,
				6DD17CA519AD749C008B6FCB /* Release */,
			);
			defaultConfigurationIsVisible = 0;
			defaultConfigurationName = Release;
		};
/* End XCConfigurationList section */

/* Begin XCVersionGroup section */
		6D7517E219FAC41900A03EA2 /* fitness.xcdatamodeld */ = {
			isa = XCVersionGroup;
			children = (
				6D7517E319FAC41900A03EA2 /* fitness.xcdatamodel */,
			);
			currentVersion = 6D7517E319FAC41900A03EA2 /* fitness.xcdatamodel */;
			path = fitness.xcdatamodeld;
			sourceTree = "<group>";
			versionGroupType = wrapper.xcdatamodel;
		};
/* End XCVersionGroup section */
	};
	rootObject = 6DD17C6319AD749C008B6FCB /* Project object */;
}
